
Microsoft Visual Studio Solution File, Format Version 12.00
# Visual Studio 2012
Project("{8BC9CEB8-8B4A-11D0-8D11-00A0C91BC942}") = "work_151020", "work_151020.vcxproj", "{D2ACEC5F-D3B8-4C1B-97DE-1EB0FD1317D1}"
EndProject
Global
	GlobalSection(SolutionConfigurationPlatforms) = preSolution
		Debug|Win32 = Debug|Win32
		Release|Win32 = Release|Win32
	EndGlobalSection
	GlobalSection(ProjectConfigurationPlatforms) = postSolution
		{D2ACEC5F-D3B8-4C1B-97DE-1EB0FD1317D1}.Debug|Win32.ActiveCfg = Debug|Win32
		{D2ACEC5F-D3B8-4C1B-97DE-1EB0FD1317D1}.Debug|Win32.Build.0 = Debug|Win32
		{D2ACEC5F-D3B8-4C1B-97DE-1EB0FD1317D1}.Release|Win32.ActiveCfg = Release|Win32
		{D2ACEC5F-D3B8-4C1B-97DE-1EB0FD1317D1}.Release|Win32.Build.0 = Release|Win32
	EndGlobalSection
	GlobalSection(SolutionProperties) = preSolution
		HideSolutionNode = FALSE
	EndGlobalSection
	GlobalSection(Performance) = preSolution
		HasPerformanceSessions = true
	EndGlobalSection
EndGlobal
